
Microsoft Visual Studio Solution File, Format Version 12.00
# Visual Studio Version 16
VisualStudioVersion = 16.0.29613.14
MinimumVisualStudioVersion = 10.0.40219.1
Project("{FAE04EC0-301F-11D3-BF4B-00C04F79EFBC}") = "DataLibrary", "DataLibrary\DataLibrary.csproj", "{EC243FE6-BF53-4279-9F21-E25D006FC329}"
EndProject
Project("{FAE04EC0-301F-11D3-BF4B-00C04F79EFBC}") = "Rollosteuerung_WebInterface", "Rollosteuerung_WebInterface\Rollosteuerung_WebInterface.csproj", "{6BEF454A-8060-421D-9E8F-F32D3D77AAE3}"
EndProject
Global
	GlobalSection(SolutionConfigurationPlatforms) = preSolution
		Debug|Any CPU = Debug|Any CPU
		Release|Any CPU = Release|Any CPU
	EndGlobalSection
	GlobalSection(ProjectConfigurationPlatforms) = postSolution
		{EC243FE6-BF53-4279-9F21-E25D006FC329}.Debug|Any CPU.ActiveCfg = Debug|Any CPU
		{EC243FE6-BF53-4279-9F21-E25D006FC329}.Debug|Any CPU.Build.0 = Debug|Any CPU
		{EC243FE6-BF53-4279-9F21-E25D006FC329}.Release|Any CPU.ActiveCfg = Release|Any CPU
		{EC243FE6-BF53-4279-9F21-E25D006FC329}.Release|Any CPU.Build.0 = Release|Any CPU
		{6BEF454A-8060-421D-9E8F-F32D3D77AAE3}.Debug|Any CPU.ActiveCfg = Debug|Any CPU
		{6BEF454A-8060-421D-9E8F-F32D3D77AAE3}.Debug|Any CPU.Build.0 = Debug|Any CPU
		{6BEF454A-8060-421D-9E8F-F32D3D77AAE3}.Release|Any CPU.ActiveCfg = Release|Any CPU
		{6BEF454A-8060-421D-9E8F-F32D3D77AAE3}.Release|Any CPU.Build.0 = Release|Any CPU
	EndGlobalSection
	GlobalSection(SolutionProperties) = preSolution
		HideSolutionNode = FALSE
	EndGlobalSection
	GlobalSection(ExtensibilityGlobals) = postSolution
		SolutionGuid = {6B460802-1794-4FFB-9FD9-9D38880A2348}
	EndGlobalSection
EndGlobal
